
Microsoft Visual Studio Solution File, Format Version 12.00
# Visual Studio Version 16
VisualStudioVersion = 16.0.29411.108
MinimumVisualStudioVersion = 10.0.40219.1
Project("{FAE04EC0-301F-11D3-BF4B-00C04F79EFBC}") = "OOP", "OOP\OOP.csproj", "{A759D9EC-381E-4E11-BFA5-A00D1405E81E}"
EndProject
Global
	GlobalSection(SolutionConfigurationPlatforms) = preSolution
		Debug|Any CPU = Debug|Any CPU
		Release|Any CPU = Release|Any CPU
	EndGlobalSection
	GlobalSection(ProjectConfigurationPlatforms) = postSolution
		{A759D9EC-381E-4E11-BFA5-A00D1405E81E}.Debug|Any CPU.ActiveCfg = Debug|Any CPU
		{A759D9EC-381E-4E11-BFA5-A00D1405E81E}.Debug|Any CPU.Build.0 = Debug|Any CPU
		{A759D9EC-381E-4E11-BFA5-A00D1405E81E}.Release|Any CPU.ActiveCfg = Release|Any CPU
		{A759D9EC-381E-4E11-BFA5-A00D1405E81E}.Release|Any CPU.Build.0 = Release|Any CPU
	EndGlobalSection
	GlobalSection(SolutionProperties) = preSolution
		HideSolutionNode = FALSE
	EndGlobalSection
	GlobalSection(ExtensibilityGlobals) = postSolution
		SolutionGuid = {51951F29-0191-4D0E-A60C-3520D4F911DC}
	EndGlobalSection
EndGlobal
